// !$*UTF8*$!
{
	archiveVersion = 1;
	classes = {
	};
	objectVersion = 77;
	objects = {

/* Begin PBXBuildFile section */
		9F42A7E12DAE703200ADD007 /* SnapKit in Frameworks */ = {isa = PBXBuildFile; productRef = 9F42A7E02DAE703200ADD007 /* SnapKit */; };
		9F42A7E42DAE70E600ADD007 /* RxBlocking in Frameworks */ = {isa = PBXBuildFile; productRef = 9F42A7E32DAE70E600ADD007 /* RxBlocking */; };
		9F42A7E62DAE70E600ADD007 /* RxBlocking-Dynamic in Frameworks */ = {isa = PBXBuildFile; productRef = 9F42A7E52DAE70E600ADD007 /* RxBlocking-Dynamic */; };
		9F42A7E82DAE70E600ADD007 /* RxCocoa in Frameworks */ = {isa = PBXBuildFile; productRef = 9F42A7E72DAE70E600ADD007 /* RxCocoa */; };
		9F42A7EA2DAE70E600ADD007 /* RxCocoa-Dynamic in Frameworks */ = {isa = PBXBuildFile; productRef = 9F42A7E92DAE70E600ADD007 /* RxCocoa-Dynamic */; };
		9F42A7EC2DAE70E600ADD007 /* RxRelay in Frameworks */ = {isa = PBXBuildFile; productRef = 9F42A7EB2DAE70E600ADD007 /* RxRelay */; };
		9F42A7EE2DAE70E600ADD007 /* RxRelay-Dynamic in Frameworks */ = {isa = PBXBuildFile; productRef = 9F42A7ED2DAE70E600ADD007 /* RxRelay-Dynamic */; };
		9F42A7F02DAE70E600ADD007 /* RxSwift in Frameworks */ = {isa = PBXBuildFile; productRef = 9F42A7EF2DAE70E600ADD007 /* RxSwift */; };
		9F42A7F22DAE70E600ADD007 /* RxSwift-Dynamic in Frameworks */ = {isa = PBXBuildFile; productRef = 9F42A7F12DAE70E600ADD007 /* RxSwift-Dynamic */; };
		9F42A7F42DAE70E600ADD007 /* RxTest in Frameworks */ = {isa = PBXBuildFile; productRef = 9F42A7F32DAE70E600ADD007 /* RxTest */; };
		9F42A7F62DAE70E600ADD007 /* RxTest-Dynamic in Frameworks */ = {isa = PBXBuildFile; productRef = 9F42A7F52DAE70E600ADD007 /* RxTest-Dynamic */; };
/* End PBXBuildFile section */

/* Begin PBXFileReference section */
		9F42A6F42DACDF9F00ADD007 /* ExchangeCalulator.app */ = {isa = PBXFileReference; explicitFileType = wrapper.application; includeInIndex = 0; path = ExchangeCalulator.app; sourceTree = BUILT_PRODUCTS_DIR; };
/* End PBXFileReference section */

/* Begin PBXFileSystemSynchronizedBuildFileExceptionSet section */
		9F42A7062DACDFA100ADD007 /* Exceptions for "ExchangeCalulator" folder in "ExchangeCalulator" target */ = {
			isa = PBXFileSystemSynchronizedBuildFileExceptionSet;
			membershipExceptions = (
				App/Derived/Info.plist,
			);
			target = 9F42A6F32DACDF9F00ADD007 /* ExchangeCalulator */;
		};
/* End PBXFileSystemSynchronizedBuildFileExceptionSet section */

/* Begin PBXFileSystemSynchronizedRootGroup section */
		9F42A6F62DACDF9F00ADD007 /* ExchangeCalulator */ = {
			isa = PBXFileSystemSynchronizedRootGroup;
			exceptions = (
				9F42A7062DACDFA100ADD007 /* Exceptions for "ExchangeCalulator" folder in "ExchangeCalulator" target */,
			);
			path = ExchangeCalulator;
			sourceTree = "<group>";
		};
/* End PBXFileSystemSynchronizedRootGroup section */

/* Begin PBXFrameworksBuildPhase section */
		9F42A6F12DACDF9F00ADD007 /* Frameworks */ = {
			isa = PBXFrameworksBuildPhase;
			buildActionMask = 2147483647;
			files = (
				9F42A7F42DAE70E600ADD007 /* RxTest in Frameworks */,
				9F42A7EC2DAE70E600ADD007 /* RxRelay in Frameworks */,
				9F42A7F22DAE70E600ADD007 /* RxSwift-Dynamic in Frameworks */,
				9F42A7E62DAE70E600ADD007 /* RxBlocking-Dynamic in Frameworks */,
				9F42A7EA2DAE70E600ADD007 /* RxCocoa-Dynamic in Frameworks */,
				9F42A7E12DAE703200ADD007 /* SnapKit in Frameworks */,
				9F42A7E82DAE70E600ADD007 /* RxCocoa in Frameworks */,
				9F42A7EE2DAE70E600ADD007 /* RxRelay-Dynamic in Frameworks */,
				9F42A7F02DAE70E600ADD007 /* RxSwift in Frameworks */,
				9F42A7F62DAE70E600ADD007 /* RxTest-Dynamic in Frameworks */,
				9F42A7E42DAE70E600ADD007 /* RxBlocking in Frameworks */,
			);
			runOnlyForDeploymentPostprocessing = 0;
		};
/* End PBXFrameworksBuildPhase section */

/* Begin PBXGroup section */
		9F42A6EB2DACDF9F00ADD007 = {
			isa = PBXGroup;
			children = (
				9F42A6F62DACDF9F00ADD007 /* ExchangeCalulator */,
				9F42A6F52DACDF9F00ADD007 /* Products */,
			);
			sourceTree = "<group>";
		};
		9F42A6F52DACDF9F00ADD007 /* Products */ = {
			isa = PBXGroup;
			children = (
				9F42A6F42DACDF9F00ADD007 /* ExchangeCalulator.app */,
			);
			name = Products;
			sourceTree = "<group>";
		};
/* End PBXGroup section */

/* Begin PBXNativeTarget section */
		9F42A6F32DACDF9F00ADD007 /* ExchangeCalulator */ = {
			isa = PBXNativeTarget;
			buildConfigurationList = 9F42A7072DACDFA100ADD007 /* Build configuration list for PBXNativeTarget "ExchangeCalulator" */;
			buildPhases = (
				9F42A6F02DACDF9F00ADD007 /* Sources */,
				9F42A6F12DACDF9F00ADD007 /* Frameworks */,
				9F42A6F22DACDF9F00ADD007 /* Resources */,
			);
			buildRules = (
			);
			dependencies = (
			);
			fileSystemSynchronizedGroups = (
				9F42A6F62DACDF9F00ADD007 /* ExchangeCalulator */,
			);
			name = ExchangeCalulator;
			packageProductDependencies = (
				9F42A7E02DAE703200ADD007 /* SnapKit */,
				9F42A7E32DAE70E600ADD007 /* RxBlocking */,
				9F42A7E52DAE70E600ADD007 /* RxBlocking-Dynamic */,
				9F42A7E72DAE70E600ADD007 /* RxCocoa */,
				9F42A7E92DAE70E600ADD007 /* RxCocoa-Dynamic */,
				9F42A7EB2DAE70E600ADD007 /* RxRelay */,
				9F42A7ED2DAE70E600ADD007 /* RxRelay-Dynamic */,
				9F42A7EF2DAE70E600ADD007 /* RxSwift */,
				9F42A7F12DAE70E600ADD007 /* RxSwift-Dynamic */,
				9F42A7F32DAE70E600ADD007 /* RxTest */,
				9F42A7F52DAE70E600ADD007 /* RxTest-Dynamic */,
			);
			productName = ExchangeCalulator;
			productReference = 9F42A6F42DACDF9F00ADD007 /* ExchangeCalulator.app */;
			productType = "com.apple.product-type.application";
		};
/* End PBXNativeTarget section */

/* Begin PBXProject section */
		9F42A6EC2DACDF9F00ADD007 /* Project object */ = {
			isa = PBXProject;
			attributes = {
				BuildIndependentTargetsInParallel = 1;
				LastSwiftUpdateCheck = 1620;
				LastUpgradeCheck = 1620;
				TargetAttributes = {
					9F42A6F32DACDF9F00ADD007 = {
						CreatedOnToolsVersion = 16.2;
					};
				};
			};
			buildConfigurationList = 9F42A6EF2DACDF9F00ADD007 /* Build configuration list for PBXProject "ExchangeCalulator" */;
			developmentRegion = en;
			hasScannedForEncodings = 0;
			knownRegions = (
				en,
				Base,
			);
			mainGroup = 9F42A6EB2DACDF9F00ADD007;
			minimizedProjectReferenceProxies = 1;
			packageReferences = (
				9F42A7DF2DAE703200ADD007 /* XCRemoteSwiftPackageReference "SnapKit" */,
				9F42A7E22DAE70AE00ADD007 /* XCRemoteSwiftPackageReference "RxSwift" */,
			);
			preferredProjectObjectVersion = 77;
			productRefGroup = 9F42A6F52DACDF9F00ADD007 /* Products */;
			projectDirPath = "";
			projectRoot = "";
			targets = (
				9F42A6F32DACDF9F00ADD007 /* ExchangeCalulator */,
			);
		};
/* End PBXProject section */

/* Begin PBXResourcesBuildPhase section */
		9F42A6F22DACDF9F00ADD007 /* Resources */ = {
			isa = PBXResourcesBuildPhase;
			buildActionMask = 2147483647;
			files = (
			);
			runOnlyForDeploymentPostprocessing = 0;
		};
/* End PBXResourcesBuildPhase section */

/* Begin PBXSourcesBuildPhase section */
		9F42A6F02DACDF9F00ADD007 /* Sources */ = {
			isa = PBXSourcesBuildPhase;
			buildActionMask = 2147483647;
			files = (
			);
			runOnlyForDeploymentPostprocessing = 0;
		};
/* End PBXSourcesBuildPhase section */

/* Begin XCBuildConfiguration section */
		9F42A7082DACDFA100ADD007 /* Debug */ = {
			isa = XCBuildConfiguration;
			buildSettings = {
				ASSETCATALOG_COMPILER_APPICON_NAME = AppIcon;
				ASSETCATALOG_COMPILER_GLOBAL_ACCENT_COLOR_NAME = AccentColor;
				CODE_SIGN_STYLE = Automatic;
				CURRENT_PROJECT_VERSION = 1;
				DEVELOPMENT_TEAM = 932AKUPJM7;
				GENERATE_INFOPLIST_FILE = YES;
				INFOPLIST_FILE = ExchangeCalulator/App/Derived/Info.plist;
				INFOPLIST_KEY_UIApplicationSupportsIndirectInputEvents = YES;
				INFOPLIST_KEY_UILaunchStoryboardName = LaunchScreen;
				INFOPLIST_KEY_UISupportedInterfaceOrientations_iPad = "UIInterfaceOrientationPortrait UIInterfaceOrientationPortraitUpsideDown UIInterfaceOrientationLandscapeLeft UIInterfaceOrientationLandscapeRight";
				INFOPLIST_KEY_UISupportedInterfaceOrientations_iPhone = "UIInterfaceOrientationPortrait UIInterfaceOrientationLandscapeLeft UIInterfaceOrientationLandscapeRight";
				LD_RUNPATH_SEARCH_PATHS = (
					"$(inherited)",
					"@executable_path/Frameworks",
				);
				MARKETING_VERSION = 1.0;
				PRODUCT_BUNDLE_IDENTIFIER = com.RyuhyeonJin.ExchangeCalulator;
				PRODUCT_NAME = "$(TARGET_NAME)";
				SWIFT_EMIT_LOC_STRINGS = YES;
				SWIFT_VERSION = 5.0;
				TARGETED_DEVICE_FAMILY = "1,2";
			};
			name = Debug;
		};
		9F42A7092DACDFA100ADD007 /* Release */ = {
			isa = XCBuildConfiguration;
			buildSettings = {
				ASSETCATALOG_COMPILER_APPICON_NAME = AppIcon;
				ASSETCATALOG_COMPILER_GLOBAL_ACCENT_COLOR_NAME = AccentColor;
				CODE_SIGN_STYLE = Automatic;
				CURRENT_PROJECT_VERSION = 1;
				DEVELOPMENT_TEAM = 932AKUPJM7;
				GENERATE_INFOPLIST_FILE = YES;
				INFOPLIST_FILE = ExchangeCalulator/App/Derived/Info.plist;
				INFOPLIST_KEY_UIApplicationSupportsIndirectInputEvents = YES;
				INFOPLIST_KEY_UILaunchStoryboardName = LaunchScreen;
				INFOPLIST_KEY_UISupportedInterfaceOrientations_iPad = "UIInterfaceOrientationPortrait UIInterfaceOrientationPortraitUpsideDown UIInterfaceOrientationLandscapeLeft UIInterfaceOrientationLandscapeRight";
				INFOPLIST_KEY_UISupportedInterfaceOrientations_iPhone = "UIInterfaceOrientationPortrait UIInterfaceOrientationLandscapeLeft UIInterfaceOrientationLandscapeRight";
				LD_RUNPATH_SEARCH_PATHS = (
					"$(inherited)",
					"@executable_path/Frameworks",
				);
				MARKETING_VERSION = 1.0;
				PRODUCT_BUNDLE_IDENTIFIER = com.RyuhyeonJin.ExchangeCalulator;
				PRODUCT_NAME = "$(TARGET_NAME)";
				SWIFT_EMIT_LOC_STRINGS = YES;
				SWIFT_VERSION = 5.0;
				TARGETED_DEVICE_FAMILY = "1,2";
			};
			name = Release;
		};
		9F42A70A2DACDFA100ADD007 /* Debug */ = {
			isa = XCBuildConfiguration;
			buildSettings = {
				ALWAYS_SEARCH_USER_PATHS = NO;
				ASSETCATALOG_COMPILER_GENERATE_SWIFT_ASSET_SYMBOL_EXTENSIONS = YES;
				CLANG_ANALYZER_NONNULL = YES;
				CLANG_ANALYZER_NUMBER_OBJECT_CONVERSION = YES_AGGRESSIVE;
				CLANG_CXX_LANGUAGE_STANDARD = "gnu++20";
				CLANG_ENABLE_MODULES = YES;
				CLANG_ENABLE_OBJC_ARC = YES;
				CLANG_ENABLE_OBJC_WEAK = YES;
				CLANG_WARN_BLOCK_CAPTURE_AUTORELEASING = YES;
				CLANG_WARN_BOOL_CONVERSION = YES;
				CLANG_WARN_COMMA = YES;
				CLANG_WARN_CONSTANT_CONVERSION = YES;
				CLANG_WARN_DEPRECATED_OBJC_IMPLEMENTATIONS = YES;
				CLANG_WARN_DIRECT_OBJC_ISA_USAGE = YES_ERROR;
				CLANG_WARN_DOCUMENTATION_COMMENTS = YES;
				CLANG_WARN_EMPTY_BODY = YES;
				CLANG_WARN_ENUM_CONVERSION = YES;
				CLANG_WARN_INFINITE_RECURSION = YES;
				CLANG_WARN_INT_CONVERSION = YES;
				CLANG_WARN_NON_LITERAL_NULL_CONVERSION = YES;
				CLANG_WARN_OBJC_IMPLICIT_RETAIN_SELF = YES;
				CLANG_WARN_OBJC_LITERAL_CONVERSION = YES;
				CLANG_WARN_OBJC_ROOT_CLASS = YES_ERROR;
				CLANG_WARN_QUOTED_INCLUDE_IN_FRAMEWORK_HEADER = YES;
				CLANG_WARN_RANGE_LOOP_ANALYSIS = YES;
				CLANG_WARN_STRICT_PROTOTYPES = YES;
				CLANG_WARN_SUSPICIOUS_MOVE = YES;
				CLANG_WARN_UNGUARDED_AVAILABILITY = YES_AGGRESSIVE;
				CLANG_WARN_UNREACHABLE_CODE = YES;
				CLANG_WARN__DUPLICATE_METHOD_MATCH = YES;
				COPY_PHASE_STRIP = NO;
				DEBUG_INFORMATION_FORMAT = dwarf;
				ENABLE_STRICT_OBJC_MSGSEND = YES;
				ENABLE_TESTABILITY = YES;
				ENABLE_USER_SCRIPT_SANDBOXING = YES;
				GCC_C_LANGUAGE_STANDARD = gnu17;
				GCC_DYNAMIC_NO_PIC = NO;
				GCC_NO_COMMON_BLOCKS = YES;
				GCC_OPTIMIZATION_LEVEL = 0;
				GCC_PREPROCESSOR_DEFINITIONS = (
					"DEBUG=1",
					"$(inherited)",
				);
				GCC_WARN_64_TO_32_BIT_CONVERSION = YES;
				GCC_WARN_ABOUT_RETURN_TYPE = YES_ERROR;
				GCC_WARN_UNDECLARED_SELECTOR = YES;
				GCC_WARN_UNINITIALIZED_AUTOS = YES_AGGRESSIVE;
				GCC_WARN_UNUSED_FUNCTION = YES;
				GCC_WARN_UNUSED_VARIABLE = YES;
				IPHONEOS_DEPLOYMENT_TARGET = 18.2;
				LOCALIZATION_PREFERS_STRING_CATALOGS = YES;
				MTL_ENABLE_DEBUG_INFO = INCLUDE_SOURCE;
				MTL_FAST_MATH = YES;
				ONLY_ACTIVE_ARCH = YES;
				SDKROOT = iphoneos;
				SWIFT_ACTIVE_COMPILATION_CONDITIONS = "DEBUG $(inherited)";
				SWIFT_OPTIMIZATION_LEVEL = "-Onone";
			};
			name = Debug;
		};
		9F42A70B2DACDFA100ADD007 /* Release */ = {
			isa = XCBuildConfiguration;
			buildSettings = {
				ALWAYS_SEARCH_USER_PATHS = NO;
				ASSETCATALOG_COMPILER_GENERATE_SWIFT_ASSET_SYMBOL_EXTENSIONS = YES;
				CLANG_ANALYZER_NONNULL = YES;
				CLANG_ANALYZER_NUMBER_OBJECT_CONVERSION = YES_AGGRESSIVE;
				CLANG_CXX_LANGUAGE_STANDARD = "gnu++20";
				CLANG_ENABLE_MODULES = YES;
				CLANG_ENABLE_OBJC_ARC = YES;
				CLANG_ENABLE_OBJC_WEAK = YES;
				CLANG_WARN_BLOCK_CAPTURE_AUTORELEASING = YES;
				CLANG_WARN_BOOL_CONVERSION = YES;
				CLANG_WARN_COMMA = YES;
				CLANG_WARN_CONSTANT_CONVERSION = YES;
				CLANG_WARN_DEPRECATED_OBJC_IMPLEMENTATIONS = YES;
				CLANG_WARN_DIRECT_OBJC_ISA_USAGE = YES_ERROR;
				CLANG_WARN_DOCUMENTATION_COMMENTS = YES;
				CLANG_WARN_EMPTY_BODY = YES;
				CLANG_WARN_ENUM_CONVERSION = YES;
				CLANG_WARN_INFINITE_RECURSION = YES;
				CLANG_WARN_INT_CONVERSION = YES;
				CLANG_WARN_NON_LITERAL_NULL_CONVERSION = YES;
				CLANG_WARN_OBJC_IMPLICIT_RETAIN_SELF = YES;
				CLANG_WARN_OBJC_LITERAL_CONVERSION = YES;
				CLANG_WARN_OBJC_ROOT_CLASS = YES_ERROR;
				CLANG_WARN_QUOTED_INCLUDE_IN_FRAMEWORK_HEADER = YES;
				CLANG_WARN_RANGE_LOOP_ANALYSIS = YES;
				CLANG_WARN_STRICT_PROTOTYPES = YES;
				CLANG_WARN_SUSPICIOUS_MOVE = YES;
				CLANG_WARN_UNGUARDED_AVAILABILITY = YES_AGGRESSIVE;
				CLANG_WARN_UNREACHABLE_CODE = YES;
				CLANG_WARN__DUPLICATE_METHOD_MATCH = YES;
				COPY_PHASE_STRIP = NO;
				DEBUG_INFORMATION_FORMAT = "dwarf-with-dsym";
				ENABLE_NS_ASSERTIONS = NO;
				ENABLE_STRICT_OBJC_MSGSEND = YES;
				ENABLE_USER_SCRIPT_SANDBOXING = YES;
				GCC_C_LANGUAGE_STANDARD = gnu17;
				GCC_NO_COMMON_BLOCKS = YES;
				GCC_WARN_64_TO_32_BIT_CONVERSION = YES;
				GCC_WARN_ABOUT_RETURN_TYPE = YES_ERROR;
				GCC_WARN_UNDECLARED_SELECTOR = YES;
				GCC_WARN_UNINITIALIZED_AUTOS = YES_AGGRESSIVE;
				GCC_WARN_UNUSED_FUNCTION = YES;
				GCC_WARN_UNUSED_VARIABLE = YES;
				IPHONEOS_DEPLOYMENT_TARGET = 18.2;
				LOCALIZATION_PREFERS_STRING_CATALOGS = YES;
				MTL_ENABLE_DEBUG_INFO = NO;
				MTL_FAST_MATH = YES;
				SDKROOT = iphoneos;
				SWIFT_COMPILATION_MODE = wholemodule;
				VALIDATE_PRODUCT = YES;
			};
			name = Release;
		};
/* End XCBuildConfiguration section */

/* Begin XCConfigurationList section */
		9F42A6EF2DACDF9F00ADD007 /* Build configuration list for PBXProject "ExchangeCalulator" */ = {
			isa = XCConfigurationList;
			buildConfigurations = (
				9F42A70A2DACDFA100ADD007 /* Debug */,
				9F42A70B2DACDFA100ADD007 /* Release */,
			);
			defaultConfigurationIsVisible = 0;
			defaultConfigurationName = Release;
		};
		9F42A7072DACDFA100ADD007 /* Build configuration list for PBXNativeTarget "ExchangeCalulator" */ = {
			isa = XCConfigurationList;
			buildConfigurations = (
				9F42A7082DACDFA100ADD007 /* Debug */,
				9F42A7092DACDFA100ADD007 /* Release */,
			);
			defaultConfigurationIsVisible = 0;
			defaultConfigurationName = Release;
		};
/* End XCConfigurationList section */

/* Begin XCRemoteSwiftPackageReference section */
		9F42A7DF2DAE703200ADD007 /* XCRemoteSwiftPackageReference "SnapKit" */ = {
			isa = XCRemoteSwiftPackageReference;
			repositoryURL = "https://github.com/SnapKit/SnapKit.git";
			requirement = {
				kind = upToNextMajorVersion;
				minimumVersion = 5.7.1;
			};
		};
		9F42A7E22DAE70AE00ADD007 /* XCRemoteSwiftPackageReference "RxSwift" */ = {
			isa = XCRemoteSwiftPackageReference;
			repositoryURL = "https://github.com/ReactiveX/RxSwift.git";
			requirement = {
				kind = upToNextMajorVersion;
				minimumVersion = 6.9.0;
			};
		};
/* End XCRemoteSwiftPackageReference section */

/* Begin XCSwiftPackageProductDependency section */
		9F42A7E02DAE703200ADD007 /* SnapKit */ = {
			isa = XCSwiftPackageProductDependency;
			package = 9F42A7DF2DAE703200ADD007 /* XCRemoteSwiftPackageReference "SnapKit" */;
			productName = SnapKit;
		};
		9F42A7E32DAE70E600ADD007 /* RxBlocking */ = {
			isa = XCSwiftPackageProductDependency;
			package = 9F42A7E22DAE70AE00ADD007 /* XCRemoteSwiftPackageReference "RxSwift" */;
			productName = RxBlocking;
		};
		9F42A7E52DAE70E600ADD007 /* RxBlocking-Dynamic */ = {
			isa = XCSwiftPackageProductDependency;
			package = 9F42A7E22DAE70AE00ADD007 /* XCRemoteSwiftPackageReference "RxSwift" */;
			productName = "RxBlocking-Dynamic";
		};
		9F42A7E72DAE70E600ADD007 /* RxCocoa */ = {
			isa = XCSwiftPackageProductDependency;
			package = 9F42A7E22DAE70AE00ADD007 /* XCRemoteSwiftPackageReference "RxSwift" */;
			productName = RxCocoa;
		};
		9F42A7E92DAE70E600ADD007 /* RxCocoa-Dynamic */ = {
			isa = XCSwiftPackageProductDependency;
			package = 9F42A7E22DAE70AE00ADD007 /* XCRemoteSwiftPackageReference "RxSwift" */;
			productName = "RxCocoa-Dynamic";
		};
		9F42A7EB2DAE70E600ADD007 /* RxRelay */ = {
			isa = XCSwiftPackageProductDependency;
			package = 9F42A7E22DAE70AE00ADD007 /* XCRemoteSwiftPackageReference "RxSwift" */;
			productName = RxRelay;
		};
		9F42A7ED2DAE70E600ADD007 /* RxRelay-Dynamic */ = {
			isa = XCSwiftPackageProductDependency;
			package = 9F42A7E22DAE70AE00ADD007 /* XCRemoteSwiftPackageReference "RxSwift" */;
			productName = "RxRelay-Dynamic";
		};
		9F42A7EF2DAE70E600ADD007 /* RxSwift */ = {
			isa = XCSwiftPackageProductDependency;
			package = 9F42A7E22DAE70AE00ADD007 /* XCRemoteSwiftPackageReference "RxSwift" */;
			productName = RxSwift;
		};
		9F42A7F12DAE70E600ADD007 /* RxSwift-Dynamic */ = {
			isa = XCSwiftPackageProductDependency;
			package = 9F42A7E22DAE70AE00ADD007 /* XCRemoteSwiftPackageReference "RxSwift" */;
			productName = "RxSwift-Dynamic";
		};
		9F42A7F32DAE70E600ADD007 /* RxTest */ = {
			isa = XCSwiftPackageProductDependency;
			package = 9F42A7E22DAE70AE00ADD007 /* XCRemoteSwiftPackageReference "RxSwift" */;
			productName = RxTest;
		};
		9F42A7F52DAE70E600ADD007 /* RxTest-Dynamic */ = {
			isa = XCSwiftPackageProductDependency;
			package = 9F42A7E22DAE70AE00ADD007 /* XCRemoteSwiftPackageReference "RxSwift" */;
			productName = "RxTest-Dynamic";
		};
/* End XCSwiftPackageProductDependency section */
	};
	rootObject = 9F42A6EC2DACDF9F00ADD007 /* Project object */;
}
